
Microsoft Visual Studio Solution File, Format Version 12.00
# Visual Studio Version 17
VisualStudioVersion = 17.9.34321.82
MinimumVisualStudioVersion = 10.0.40219.1
Project("{9A19103F-16F7-4668-BE54-9A1E7A4F7556}") = "Entities", "Entities\Entities.csproj", "{7CAA19B1-9ED4-495D-936C-0FFBCE490BD1}"
EndProject
Project("{9A19103F-16F7-4668-BE54-9A1E7A4F7556}") = "DataAccess", "DataAccess\DataAccess.csproj", "{D3B50281-9147-4300-88AD-894A46C9FFDC}"
EndProject
Project("{FAE04EC0-301F-11D3-BF4B-00C04F79EFBC}") = "WebAPIYazilimGelistirme", "WebAPIYazilimGelistirme\WebAPIYazilimGelistirme.csproj", "{7E5EC0A1-A1CF-4210-B295-706876AD99F0}"
EndProject
Project("{FAE04EC0-301F-11D3-BF4B-00C04F79EFBC}") = "Business", "Business\Business.csproj", "{60146AC7-21E9-47A3-8546-73182655F931}"
EndProject
Project("{FAE04EC0-301F-11D3-BF4B-00C04F79EFBC}") = "ConsoleApp1", "ConsoleApp1\ConsoleApp1.csproj", "{3B8ECBD6-B2CB-439C-BCB7-5E75A626F8C6}"
EndProject
Project("{FAE04EC0-301F-11D3-BF4B-00C04F79EFBC}") = "Core", "Core\Core.csproj", "{C073A706-0563-4C40-8BBF-9B53DA297630}"
EndProject
Global
	GlobalSection(SolutionConfigurationPlatforms) = preSolution
		Debug|Any CPU = Debug|Any CPU
		Release|Any CPU = Release|Any CPU
	EndGlobalSection
	GlobalSection(ProjectConfigurationPlatforms) = postSolution
		{7CAA19B1-9ED4-495D-936C-0FFBCE490BD1}.Debug|Any CPU.ActiveCfg = Debug|Any CPU
		{7CAA19B1-9ED4-495D-936C-0FFBCE490BD1}.Debug|Any CPU.Build.0 = Debug|Any CPU
		{7CAA19B1-9ED4-495D-936C-0FFBCE490BD1}.Release|Any CPU.ActiveCfg = Release|Any CPU
		{7CAA19B1-9ED4-495D-936C-0FFBCE490BD1}.Release|Any CPU.Build.0 = Release|Any CPU
		{D3B50281-9147-4300-88AD-894A46C9FFDC}.Debug|Any CPU.ActiveCfg = Debug|Any CPU
		{D3B50281-9147-4300-88AD-894A46C9FFDC}.Debug|Any CPU.Build.0 = Debug|Any CPU
		{D3B50281-9147-4300-88AD-894A46C9FFDC}.Release|Any CPU.ActiveCfg = Release|Any CPU
		{D3B50281-9147-4300-88AD-894A46C9FFDC}.Release|Any CPU.Build.0 = Release|Any CPU
		{7E5EC0A1-A1CF-4210-B295-706876AD99F0}.Debug|Any CPU.ActiveCfg = Debug|Any CPU
		{7E5EC0A1-A1CF-4210-B295-706876AD99F0}.Debug|Any CPU.Build.0 = Debug|Any CPU
		{7E5EC0A1-A1CF-4210-B295-706876AD99F0}.Release|Any CPU.ActiveCfg = Release|Any CPU
		{7E5EC0A1-A1CF-4210-B295-706876AD99F0}.Release|Any CPU.Build.0 = Release|Any CPU
		{60146AC7-21E9-47A3-8546-73182655F931}.Debug|Any CPU.ActiveCfg = Debug|Any CPU
		{60146AC7-21E9-47A3-8546-73182655F931}.Debug|Any CPU.Build.0 = Debug|Any CPU
		{60146AC7-21E9-47A3-8546-73182655F931}.Release|Any CPU.ActiveCfg = Release|Any CPU
		{60146AC7-21E9-47A3-8546-73182655F931}.Release|Any CPU.Build.0 = Release|Any CPU
		{3B8ECBD6-B2CB-439C-BCB7-5E75A626F8C6}.Debug|Any CPU.ActiveCfg = Debug|Any CPU
		{3B8ECBD6-B2CB-439C-BCB7-5E75A626F8C6}.Debug|Any CPU.Build.0 = Debug|Any CPU
		{3B8ECBD6-B2CB-439C-BCB7-5E75A626F8C6}.Release|Any CPU.ActiveCfg = Release|Any CPU
		{3B8ECBD6-B2CB-439C-BCB7-5E75A626F8C6}.Release|Any CPU.Build.0 = Release|Any CPU
		{C073A706-0563-4C40-8BBF-9B53DA297630}.Debug|Any CPU.ActiveCfg = Debug|Any CPU
		{C073A706-0563-4C40-8BBF-9B53DA297630}.Debug|Any CPU.Build.0 = Debug|Any CPU
		{C073A706-0563-4C40-8BBF-9B53DA297630}.Release|Any CPU.ActiveCfg = Release|Any CPU
		{C073A706-0563-4C40-8BBF-9B53DA297630}.Release|Any CPU.Build.0 = Release|Any CPU
	EndGlobalSection
	GlobalSection(SolutionProperties) = preSolution
		HideSolutionNode = FALSE
	EndGlobalSection
	GlobalSection(ExtensibilityGlobals) = postSolution
		SolutionGuid = {5865CA4B-832A-494A-999A-8B885B106F34}
	EndGlobalSection
EndGlobal
